
Microsoft Visual Studio Solution File, Format Version 12.00
# Visual Studio Version 17
VisualStudioVersion = 17.9.34607.119
MinimumVisualStudioVersion = 10.0.40219.1
Project("{FAE04EC0-301F-11D3-BF4B-00C04F79EFBC}") = "Dictionary", "Dictionary\Dictionary.csproj", "{1B0E46E1-AFA5-44C2-AEE4-789A50A3278D}"
EndProject
Global
	GlobalSection(SolutionConfigurationPlatforms) = preSolution
		Debug|Any CPU = Debug|Any CPU
		Release|Any CPU = Release|Any CPU
	EndGlobalSection
	GlobalSection(ProjectConfigurationPlatforms) = postSolution
		{1B0E46E1-AFA5-44C2-AEE4-789A50A3278D}.Debug|Any CPU.ActiveCfg = Debug|Any CPU
		{1B0E46E1-AFA5-44C2-AEE4-789A50A3278D}.Debug|Any CPU.Build.0 = Debug|Any CPU
		{1B0E46E1-AFA5-44C2-AEE4-789A50A3278D}.Release|Any CPU.ActiveCfg = Release|Any CPU
		{1B0E46E1-AFA5-44C2-AEE4-789A50A3278D}.Release|Any CPU.Build.0 = Release|Any CPU
	EndGlobalSection
	GlobalSection(SolutionProperties) = preSolution
		HideSolutionNode = FALSE
	EndGlobalSection
	GlobalSection(ExtensibilityGlobals) = postSolution
		SolutionGuid = {7C47341A-52D4-4F21-B59A-9D503257ABF2}
	EndGlobalSection
EndGlobal
